
Microsoft Visual Studio Solution File, Format Version 12.00
# Visual Studio 15
VisualStudioVersion = 15.0.28307.271
MinimumVisualStudioVersion = 10.0.40219.1
Project("{FAE04EC0-301F-11D3-BF4B-00C04F79EFBC}") = "HW_SQL_DB_conn_DAPPER_20190719", "HW_SQL_DB_conn_DAPPER_20190719\HW_SQL_DB_conn_DAPPER_20190719.csproj", "{2B3CC183-C01F-4811-B891-144C262AC1BB}"
EndProject
Global
	GlobalSection(SolutionConfigurationPlatforms) = preSolution
		Debug|Any CPU = Debug|Any CPU
		Release|Any CPU = Release|Any CPU
	EndGlobalSection
	GlobalSection(ProjectConfigurationPlatforms) = postSolution
		{2B3CC183-C01F-4811-B891-144C262AC1BB}.Debug|Any CPU.ActiveCfg = Debug|Any CPU
		{2B3CC183-C01F-4811-B891-144C262AC1BB}.Debug|Any CPU.Build.0 = Debug|Any CPU
		{2B3CC183-C01F-4811-B891-144C262AC1BB}.Release|Any CPU.ActiveCfg = Release|Any CPU
		{2B3CC183-C01F-4811-B891-144C262AC1BB}.Release|Any CPU.Build.0 = Release|Any CPU
	EndGlobalSection
	GlobalSection(SolutionProperties) = preSolution
		HideSolutionNode = FALSE
	EndGlobalSection
	GlobalSection(ExtensibilityGlobals) = postSolution
		SolutionGuid = {1D26CFD7-941D-43A2-80B6-138813B3A119}
	EndGlobalSection
EndGlobal
